// !$*UTF8*$!
{
	archiveVersion = 1;
	classes = {
	};
	objectVersion = 50;
	objects = {

/* Begin PBXBuildFile section */
		2EF31DA12640910500C0EDD7 /* AppDelegate.swift in Sources */ = {isa = PBXBuildFile; fileRef = 2EF31DA02640910500C0EDD7 /* AppDelegate.swift */; };
		2EF31DA32640910500C0EDD7 /* SceneDelegate.swift in Sources */ = {isa = PBXBuildFile; fileRef = 2EF31DA22640910500C0EDD7 /* SceneDelegate.swift */; };
		2EF31DA52640910500C0EDD7 /* ViewController.swift in Sources */ = {isa = PBXBuildFile; fileRef = 2EF31DA42640910500C0EDD7 /* ViewController.swift */; };
		2EF31DA82640910500C0EDD7 /* Main.storyboard in Resources */ = {isa = PBXBuildFile; fileRef = 2EF31DA62640910500C0EDD7 /* Main.storyboard */; };
		2EF31DAB2640910500C0EDD7 /* Woofer.xcdatamodeld in Sources */ = {isa = PBXBuildFile; fileRef = 2EF31DA92640910500C0EDD7 /* Woofer.xcdatamodeld */; };
		2EF31DAD2640910800C0EDD7 /* Assets.xcassets in Resources */ = {isa = PBXBuildFile; fileRef = 2EF31DAC2640910800C0EDD7 /* Assets.xcassets */; };
		2EF31DB02640910800C0EDD7 /* LaunchScreen.storyboard in Resources */ = {isa = PBXBuildFile; fileRef = 2EF31DAE2640910800C0EDD7 /* LaunchScreen.storyboard */; };
/* End PBXBuildFile section */

/* Begin PBXFileReference section */
		2EF31D9D2640910500C0EDD7 /* Woofer.app */ = {isa = PBXFileReference; explicitFileType = wrapper.application; includeInIndex = 0; path = Woofer.app; sourceTree = BUILT_PRODUCTS_DIR; };
		2EF31DA02640910500C0EDD7 /* AppDelegate.swift */ = {isa = PBXFileReference; lastKnownFileType = sourcecode.swift; path = AppDelegate.swift; sourceTree = "<group>"; };
		2EF31DA22640910500C0EDD7 /* SceneDelegate.swift */ = {isa = PBXFileReference; lastKnownFileType = sourcecode.swift; path = SceneDelegate.swift; sourceTree = "<group>"; };
		2EF31DA42640910500C0EDD7 /* ViewController.swift */ = {isa = PBXFileReference; lastKnownFileType = sourcecode.swift; path = ViewController.swift; sourceTree = "<group>"; };
		2EF31DA72640910500C0EDD7 /* Base */ = {isa = PBXFileReference; lastKnownFileType = file.storyboard; name = Base; path = Base.lproj/Main.storyboard; sourceTree = "<group>"; };
		2EF31DAA2640910500C0EDD7 /* Woofer.xcdatamodel */ = {isa = PBXFileReference; lastKnownFileType = wrapper.xcdatamodel; path = Woofer.xcdatamodel; sourceTree = "<group>"; };
		2EF31DAC2640910800C0EDD7 /* Assets.xcassets */ = {isa = PBXFileReference; lastKnownFileType = folder.assetcatalog; path = Assets.xcassets; sourceTree = "<group>"; };
		2EF31DAF2640910800C0EDD7 /* Base */ = {isa = PBXFileReference; lastKnownFileType = file.storyboard; name = Base; path = Base.lproj/LaunchScreen.storyboard; sourceTree = "<group>"; };
		2EF31DB12640910800C0EDD7 /* Info.plist */ = {isa = PBXFileReference; lastKnownFileType = text.plist.xml; path = Info.plist; sourceTree = "<group>"; };
/* End PBXFileReference section */

/* Begin PBXFrameworksBuildPhase section */
		2EF31D9A2640910500C0EDD7 /* Frameworks */ = {
			isa = PBXFrameworksBuildPhase;
			buildActionMask = 2147483647;
			files = (
			);
			runOnlyForDeploymentPostprocessing = 0;
		};
/* End PBXFrameworksBuildPhase section */

/* Begin PBXGroup section */
		2EF31D942640910500C0EDD7 = {
			isa = PBXGroup;
			children = (
				2EF31D9F2640910500C0EDD7 /* Woofer */,
				2EF31D9E2640910500C0EDD7 /* Products */,
			);
			sourceTree = "<group>";
		};
		2EF31D9E2640910500C0EDD7 /* Products */ = {
			isa = PBXGroup;
			children = (
				2EF31D9D2640910500C0EDD7 /* Woofer.app */,
			);
			name = Products;
			sourceTree = "<group>";
		};
		2EF31D9F2640910500C0EDD7 /* Woofer */ = {
			isa = PBXGroup;
			children = (
				2EF31DA02640910500C0EDD7 /* AppDelegate.swift */,
				2EF31DA22640910500C0EDD7 /* SceneDelegate.swift */,
				2EF31DA42640910500C0EDD7 /* ViewController.swift */,
				2EF31DA62640910500C0EDD7 /* Main.storyboard */,
				2EF31DAC2640910800C0EDD7 /* Assets.xcassets */,
				2EF31DAE2640910800C0EDD7 /* LaunchScreen.storyboard */,
				2EF31DB12640910800C0EDD7 /* Info.plist */,
				2EF31DA92640910500C0EDD7 /* Woofer.xcdatamodeld */,
			);
			path = Woofer;
			sourceTree = "<group>";
		};
/* End PBXGroup section */

/* Begin PBXNativeTarget section */
		2EF31D9C2640910500C0EDD7 /* Woofer */ = {
			isa = PBXNativeTarget;
			buildConfigurationList = 2EF31DB42640910800C0EDD7 /* Build configuration list for PBXNativeTarget "Woofer" */;
			buildPhases = (
				2EF31D992640910500C0EDD7 /* Sources */,
				2EF31D9A2640910500C0EDD7 /* Frameworks */,
				2EF31D9B2640910500C0EDD7 /* Resources */,
			);
			buildRules = (
			);
			dependencies = (
			);
			name = Woofer;
			productName = Woofer;
			productReference = 2EF31D9D2640910500C0EDD7 /* Woofer.app */;
			productType = "com.apple.product-type.application";
		};
/* End PBXNativeTarget section */

/* Begin PBXProject section */
		2EF31D952640910500C0EDD7 /* Project object */ = {
			isa = PBXProject;
			attributes = {
				LastSwiftUpdateCheck = 1240;
				LastUpgradeCheck = 1240;
				TargetAttributes = {
					2EF31D9C2640910500C0EDD7 = {
						CreatedOnToolsVersion = 12.4;
					};
				};
			};
			buildConfigurationList = 2EF31D982640910500C0EDD7 /* Build configuration list for PBXProject "Woofer" */;
			compatibilityVersion = "Xcode 9.3";
			developmentRegion = en;
			hasScannedForEncodings = 0;
			knownRegions = (
				en,
				Base,
			);
			mainGroup = 2EF31D942640910500C0EDD7;
			productRefGroup = 2EF31D9E2640910500C0EDD7 /* Products */;
			projectDirPath = "";
			projectRoot = "";
			targets = (
				2EF31D9C2640910500C0EDD7 /* Woofer */,
			);
		};
/* End PBXProject section */

/* Begin PBXResourcesBuildPhase section */
		2EF31D9B2640910500C0EDD7 /* Resources */ = {
			isa = PBXResourcesBuildPhase;
			buildActionMask = 2147483647;
			files = (
				2EF31DB02640910800C0EDD7 /* LaunchScreen.storyboard in Resources */,
				2EF31DAD2640910800C0EDD7 /* Assets.xcassets in Resources */,
				2EF31DA82640910500C0EDD7 /* Main.storyboard in Resources */,
			);
			runOnlyForDeploymentPostprocessing = 0;
		};
/* End PBXResourcesBuildPhase section */

/* Begin PBXSourcesBuildPhase section */
		2EF31D992640910500C0EDD7 /* Sources */ = {
			isa = PBXSourcesBuildPhase;
			buildActionMask = 2147483647;
			files = (
				2EF31DA52640910500C0EDD7 /* ViewController.swift in Sources */,
				2EF31DAB2640910500C0EDD7 /* Woofer.xcdatamodeld in Sources */,
				2EF31DA12640910500C0EDD7 /* AppDelegate.swift in Sources */,
				2EF31DA32640910500C0EDD7 /* SceneDelegate.swift in Sources */,
			);
			runOnlyForDeploymentPostprocessing = 0;
		};
/* End PBXSourcesBuildPhase section */

/* Begin PBXVariantGroup section */
		2EF31DA62640910500C0EDD7 /* Main.storyboard */ = {
			isa = PBXVariantGroup;
			children = (
				2EF31DA72640910500C0EDD7 /* Base */,
			);
			name = Main.storyboard;
			sourceTree = "<group>";
		};
		2EF31DAE2640910800C0EDD7 /* LaunchScreen.storyboard */ = {
			isa = PBXVariantGroup;
			children = (
				2EF31DAF2640910800C0EDD7 /* Base */,
			);
			name = LaunchScreen.storyboard;
			sourceTree = "<group>";
		};
/* End PBXVariantGroup section */

/* Begin XCBuildConfiguration section */
		2EF31DB22640910800C0EDD7 /* Debug */ = {
			isa = XCBuildConfiguration;
			buildSettings = {
				ALWAYS_SEARCH_USER_PATHS = NO;
				CLANG_ANALYZER_NONNULL = YES;
				CLANG_ANALYZER_NUMBER_OBJECT_CONVERSION = YES_AGGRESSIVE;
				CLANG_CXX_LANGUAGE_STANDARD = "gnu++14";
				CLANG_CXX_LIBRARY = "libc++";
				CLANG_ENABLE_MODULES = YES;
				CLANG_ENABLE_OBJC_ARC = YES;
				CLANG_ENABLE_OBJC_WEAK = YES;
				CLANG_WARN_BLOCK_CAPTURE_AUTORELEASING = YES;
				CLANG_WARN_BOOL_CONVERSION = YES;
				CLANG_WARN_COMMA = YES;
				CLANG_WARN_CONSTANT_CONVERSION = YES;
				CLANG_WARN_DEPRECATED_OBJC_IMPLEMENTATIONS = YES;
				CLANG_WARN_DIRECT_OBJC_ISA_USAGE = YES_ERROR;
				CLANG_WARN_DOCUMENTATION_COMMENTS = YES;
				CLANG_WARN_EMPTY_BODY = YES;
				CLANG_WARN_ENUM_CONVERSION = YES;
				CLANG_WARN_INFINITE_RECURSION = YES;
				CLANG_WARN_INT_CONVERSION = YES;
				CLANG_WARN_NON_LITERAL_NULL_CONVERSION = YES;
				CLANG_WARN_OBJC_IMPLICIT_RETAIN_SELF = YES;
				CLANG_WARN_OBJC_LITERAL_CONVERSION = YES;
				CLANG_WARN_OBJC_ROOT_CLASS = YES_ERROR;
				CLANG_WARN_QUOTED_INCLUDE_IN_FRAMEWORK_HEADER = YES;
				CLANG_WARN_RANGE_LOOP_ANALYSIS = YES;
				CLANG_WARN_STRICT_PROTOTYPES = YES;
				CLANG_WARN_SUSPICIOUS_MOVE = YES;
				CLANG_WARN_UNGUARDED_AVAILABILITY = YES_AGGRESSIVE;
				CLANG_WARN_UNREACHABLE_CODE = YES;
				CLANG_WARN__DUPLICATE_METHOD_MATCH = YES;
				COPY_PHASE_STRIP = NO;
				DEBUG_INFORMATION_FORMAT = dwarf;
				ENABLE_STRICT_OBJC_MSGSEND = YES;
				ENABLE_TESTABILITY = YES;
				GCC_C_LANGUAGE_STANDARD = gnu11;
				GCC_DYNAMIC_NO_PIC = NO;
				GCC_NO_COMMON_BLOCKS = YES;
				GCC_OPTIMIZATION_LEVEL = 0;
				GCC_PREPROCESSOR_DEFINITIONS = (
					"DEBUG=1",
					"$(inherited)",
				);
				GCC_WARN_64_TO_32_BIT_CONVERSION = YES;
				GCC_WARN_ABOUT_RETURN_TYPE = YES_ERROR;
				GCC_WARN_UNDECLARED_SELECTOR = YES;
				GCC_WARN_UNINITIALIZED_AUTOS = YES_AGGRESSIVE;
				GCC_WARN_UNUSED_FUNCTION = YES;
				GCC_WARN_UNUSED_VARIABLE = YES;
				IPHONEOS_DEPLOYMENT_TARGET = 14.4;
				MTL_ENABLE_DEBUG_INFO = INCLUDE_SOURCE;
				MTL_FAST_MATH = YES;
				ONLY_ACTIVE_ARCH = YES;
				SDKROOT = iphoneos;
				SWIFT_ACTIVE_COMPILATION_CONDITIONS = DEBUG;
				SWIFT_OPTIMIZATION_LEVEL = "-Onone";
			};
			name = Debug;
		};
		2EF31DB32640910800C0EDD7 /* Release */ = {
			isa = XCBuildConfiguration;
			buildSettings = {
				ALWAYS_SEARCH_USER_PATHS = NO;
				CLANG_ANALYZER_NONNULL = YES;
				CLANG_ANALYZER_NUMBER_OBJECT_CONVERSION = YES_AGGRESSIVE;
				CLANG_CXX_LANGUAGE_STANDARD = "gnu++14";
				CLANG_CXX_LIBRARY = "libc++";
				CLANG_ENABLE_MODULES = YES;
				CLANG_ENABLE_OBJC_ARC = YES;
				CLANG_ENABLE_OBJC_WEAK = YES;
				CLANG_WARN_BLOCK_CAPTURE_AUTORELEASING = YES;
				CLANG_WARN_BOOL_CONVERSION = YES;
				CLANG_WARN_COMMA = YES;
				CLANG_WARN_CONSTANT_CONVERSION = YES;
				CLANG_WARN_DEPRECATED_OBJC_IMPLEMENTATIONS = YES;
				CLANG_WARN_DIRECT_OBJC_ISA_USAGE = YES_ERROR;
				CLANG_WARN_DOCUMENTATION_COMMENTS = YES;
				CLANG_WARN_EMPTY_BODY = YES;
				CLANG_WARN_ENUM_CONVERSION = YES;
				CLANG_WARN_INFINITE_RECURSION = YES;
				CLANG_WARN_INT_CONVERSION = YES;
				CLANG_WARN_NON_LITERAL_NULL_CONVERSION = YES;
				CLANG_WARN_OBJC_IMPLICIT_RETAIN_SELF = YES;
				CLANG_WARN_OBJC_LITERAL_CONVERSION = YES;
				CLANG_WARN_OBJC_ROOT_CLASS = YES_ERROR;
				CLANG_WARN_QUOTED_INCLUDE_IN_FRAMEWORK_HEADER = YES;
				CLANG_WARN_RANGE_LOOP_ANALYSIS = YES;
				CLANG_WARN_STRICT_PROTOTYPES = YES;
				CLANG_WARN_SUSPICIOUS_MOVE = YES;
				CLANG_WARN_UNGUARDED_AVAILABILITY = YES_AGGRESSIVE;
				CLANG_WARN_UNREACHABLE_CODE = YES;
				CLANG_WARN__DUPLICATE_METHOD_MATCH = YES;
				COPY_PHASE_STRIP = NO;
				DEBUG_INFORMATION_FORMAT = "dwarf-with-dsym";
				ENABLE_NS_ASSERTIONS = NO;
				ENABLE_STRICT_OBJC_MSGSEND = YES;
				GCC_C_LANGUAGE_STANDARD = gnu11;
				GCC_NO_COMMON_BLOCKS = YES;
				GCC_WARN_64_TO_32_BIT_CONVERSION = YES;
				GCC_WARN_ABOUT_RETURN_TYPE = YES_ERROR;
				GCC_WARN_UNDECLARED_SELECTOR = YES;
				GCC_WARN_UNINITIALIZED_AUTOS = YES_AGGRESSIVE;
				GCC_WARN_UNUSED_FUNCTION = YES;
				GCC_WARN_UNUSED_VARIABLE = YES;
				IPHONEOS_DEPLOYMENT_TARGET = 14.4;
				MTL_ENABLE_DEBUG_INFO = NO;
				MTL_FAST_MATH = YES;
				SDKROOT = iphoneos;
				SWIFT_COMPILATION_MODE = wholemodule;
				SWIFT_OPTIMIZATION_LEVEL = "-O";
				VALIDATE_PRODUCT = YES;
			};
			name = Release;
		};
		2EF31DB52640910800C0EDD7 /* Debug */ = {
			isa = XCBuildConfiguration;
			buildSettings = {
				ASSETCATALOG_COMPILER_APPICON_NAME = AppIcon;
				ASSETCATALOG_COMPILER_GLOBAL_ACCENT_COLOR_NAME = AccentColor;
				CODE_SIGN_STYLE = Automatic;
				INFOPLIST_FILE = Woofer/Info.plist;
				LD_RUNPATH_SEARCH_PATHS = (
					"$(inherited)",
					"@executable_path/Frameworks",
				);
				PRODUCT_BUNDLE_IDENTIFIER = SkyLineDev.Woofer;
				PRODUCT_NAME = "$(TARGET_NAME)";
				SWIFT_VERSION = 5.0;
				TARGETED_DEVICE_FAMILY = "1,2";
			};
			name = Debug;
		};
		2EF31DB62640910800C0EDD7 /* Release */ = {
			isa = XCBuildConfiguration;
			buildSettings = {
				ASSETCATALOG_COMPILER_APPICON_NAME = AppIcon;
				ASSETCATALOG_COMPILER_GLOBAL_ACCENT_COLOR_NAME = AccentColor;
				CODE_SIGN_STYLE = Automatic;
				INFOPLIST_FILE = Woofer/Info.plist;
				LD_RUNPATH_SEARCH_PATHS = (
					"$(inherited)",
					"@executable_path/Frameworks",
				);
				PRODUCT_BUNDLE_IDENTIFIER = SkyLineDev.Woofer;
				PRODUCT_NAME = "$(TARGET_NAME)";
				SWIFT_VERSION = 5.0;
				TARGETED_DEVICE_FAMILY = "1,2";
			};
			name = Release;
		};
/* End XCBuildConfiguration section */

/* Begin XCConfigurationList section */
		2EF31D982640910500C0EDD7 /* Build configuration list for PBXProject "Woofer" */ = {
			isa = XCConfigurationList;
			buildConfigurations = (
				2EF31DB22640910800C0EDD7 /* Debug */,
				2EF31DB32640910800C0EDD7 /* Release */,
			);
			defaultConfigurationIsVisible = 0;
			defaultConfigurationName = Release;
		};
		2EF31DB42640910800C0EDD7 /* Build configuration list for PBXNativeTarget "Woofer" */ = {
			isa = XCConfigurationList;
			buildConfigurations = (
				2EF31DB52640910800C0EDD7 /* Debug */,
				2EF31DB62640910800C0EDD7 /* Release */,
			);
			defaultConfigurationIsVisible = 0;
			defaultConfigurationName = Release;
		};
/* End XCConfigurationList section */

/* Begin XCVersionGroup section */
		2EF31DA92640910500C0EDD7 /* Woofer.xcdatamodeld */ = {
			isa = XCVersionGroup;
			children = (
				2EF31DAA2640910500C0EDD7 /* Woofer.xcdatamodel */,
			);
			currentVersion = 2EF31DAA2640910500C0EDD7 /* Woofer.xcdatamodel */;
			path = Woofer.xcdatamodeld;
			sourceTree = "<group>";
			versionGroupType = wrapper.xcdatamodel;
		};
/* End XCVersionGroup section */
	};
	rootObject = 2EF31D952640910500C0EDD7 /* Project object */;
}
